{
  "originHash" : "18b5fb5cf4269ab3758606321ff3b9b8a35731080eca5c4a3f077fc65a5df49d",
  "pins" : [
    {
      "identity" : "kmpspm",
      "kind" : "remoteSourceControl",
      "location" : "https://github.com/sdiik/KMPSPM",
      "state" : {
        "revision" : "562c29cfe7afadc89a8d62d6c42d3d2098b17972",
        "version" : "1.0.5"
      }
    },
    {
      "identity" : "utilitieslibrary",
      "kind" : "remoteSourceControl",
      "location" : "https://github.com/sdiik/UtilitiesLibrary",
      "state" : {
        "revision" : "0ed87df01c41ae029262690f5e5a726cfeb1f7df",
        "version" : "1.0.6"
      }
    }
  ],
  "version" : 3
}
