{
  "originHash" : "87cc979cbc57abdea47806689b3158e2f69602e78c93bd97b2ca82d4840ccd12",
  "pins" : [
    {
      "identity" : "utilitieslibrary",
      "kind" : "remoteSourceControl",
      "location" : "https://github.com/sdiik/UtilitiesLibrary",
      "state" : {
        "revision" : "8579456ee4830f5cc67739b0acff15c3fc482a22",
        "version" : "1.0.3"
      }
    }
  ],
  "version" : 3
}
